
Microsoft Visual Studio Solution File, Format Version 12.00
# Visual Studio Version 16
VisualStudioVersion = 16.0.30907.101
MinimumVisualStudioVersion = 10.0.40219.1
Project("{FAE04EC0-301F-11D3-BF4B-00C04F79EFBC}") = "NatesFirstASPNETWebApp", "NatesFirstASPNETWebApp.csproj", "{7C945478-F237-4CC6-92E5-58CE92CB5F01}"
EndProject
Global
	GlobalSection(SolutionConfigurationPlatforms) = preSolution
		Debug|Any CPU = Debug|Any CPU
		Release|Any CPU = Release|Any CPU
	EndGlobalSection
	GlobalSection(ProjectConfigurationPlatforms) = postSolution
		{7C945478-F237-4CC6-92E5-58CE92CB5F01}.Debug|Any CPU.ActiveCfg = Debug|Any CPU
		{7C945478-F237-4CC6-92E5-58CE92CB5F01}.Debug|Any CPU.Build.0 = Debug|Any CPU
		{7C945478-F237-4CC6-92E5-58CE92CB5F01}.Release|Any CPU.ActiveCfg = Release|Any CPU
		{7C945478-F237-4CC6-92E5-58CE92CB5F01}.Release|Any CPU.Build.0 = Release|Any CPU
	EndGlobalSection
	GlobalSection(SolutionProperties) = preSolution
		HideSolutionNode = FALSE
	EndGlobalSection
	GlobalSection(ExtensibilityGlobals) = postSolution
		SolutionGuid = {DFD9EE81-C8B6-4604-A39A-1063D2CE847B}
	EndGlobalSection
EndGlobal
